// !$*UTF8*$!
{
	archiveVersion = 1;
	classes = {
	};
	objectVersion = 46;
	objects = {

/* Begin PBXBuildFile section */
		18042D9E1C92B88700BD3AFE /* Assets.xcassets in Resources */ = {isa = PBXBuildFile; fileRef = 18042D9D1C92B88700BD3AFE /* Assets.xcassets */; };
		18190BEF1C9E5017003F6CD3 /* AppDelegate.m in Sources */ = {isa = PBXBuildFile; fileRef = 18190BEB1C9E5017003F6CD3 /* AppDelegate.m */; };
		18190BF01C9E5017003F6CD3 /* main.m in Sources */ = {isa = PBXBuildFile; fileRef = 18190BEE1C9E5017003F6CD3 /* main.m */; };
		18190BF71C9E502F003F6CD3 /* UIBarButtonItem+LZExtension.m in Sources */ = {isa = PBXBuildFile; fileRef = 18190BF21C9E502F003F6CD3 /* UIBarButtonItem+LZExtension.m */; };
		18190BF81C9E502F003F6CD3 /* UIImage+image.m in Sources */ = {isa = PBXBuildFile; fileRef = 18190BF41C9E502F003F6CD3 /* UIImage+image.m */; };
		18190BF91C9E502F003F6CD3 /* UIView+LZExtension.m in Sources */ = {isa = PBXBuildFile; fileRef = 18190BF61C9E502F003F6CD3 /* UIView+LZExtension.m */; };
/* End PBXBuildFile section */

/* Begin PBXFileReference section */
		18042D8E1C92B88700BD3AFE /* chatQQ.app */ = {isa = PBXFileReference; explicitFileType = wrapper.application; includeInIndex = 0; path = chatQQ.app; sourceTree = BUILT_PRODUCTS_DIR; };
		18042D9D1C92B88700BD3AFE /* Assets.xcassets */ = {isa = PBXFileReference; lastKnownFileType = folder.assetcatalog; path = Assets.xcassets; sourceTree = "<group>"; };
		18042DA21C92B88700BD3AFE /* Info.plist */ = {isa = PBXFileReference; lastKnownFileType = text.plist.xml; path = Info.plist; sourceTree = "<group>"; };
		18190BEA1C9E5017003F6CD3 /* AppDelegate.h */ = {isa = PBXFileReference; fileEncoding = 4; lastKnownFileType = sourcecode.c.h; path = AppDelegate.h; sourceTree = "<group>"; };
		18190BEB1C9E5017003F6CD3 /* AppDelegate.m */ = {isa = PBXFileReference; fileEncoding = 4; lastKnownFileType = sourcecode.c.objc; path = AppDelegate.m; sourceTree = "<group>"; };
		18190BEE1C9E5017003F6CD3 /* main.m */ = {isa = PBXFileReference; fileEncoding = 4; lastKnownFileType = sourcecode.c.objc; path = main.m; sourceTree = "<group>"; };
		18190BF11C9E502F003F6CD3 /* UIBarButtonItem+LZExtension.h */ = {isa = PBXFileReference; fileEncoding = 4; lastKnownFileType = sourcecode.c.h; path = "UIBarButtonItem+LZExtension.h"; sourceTree = "<group>"; };
		18190BF21C9E502F003F6CD3 /* UIBarButtonItem+LZExtension.m */ = {isa = PBXFileReference; fileEncoding = 4; lastKnownFileType = sourcecode.c.objc; path = "UIBarButtonItem+LZExtension.m"; sourceTree = "<group>"; };
		18190BF31C9E502F003F6CD3 /* UIImage+image.h */ = {isa = PBXFileReference; fileEncoding = 4; lastKnownFileType = sourcecode.c.h; path = "UIImage+image.h"; sourceTree = "<group>"; };
		18190BF41C9E502F003F6CD3 /* UIImage+image.m */ = {isa = PBXFileReference; fileEncoding = 4; lastKnownFileType = sourcecode.c.objc; path = "UIImage+image.m"; sourceTree = "<group>"; };
		18190BF51C9E502F003F6CD3 /* UIView+LZExtension.h */ = {isa = PBXFileReference; fileEncoding = 4; lastKnownFileType = sourcecode.c.h; path = "UIView+LZExtension.h"; sourceTree = "<group>"; };
		18190BF61C9E502F003F6CD3 /* UIView+LZExtension.m */ = {isa = PBXFileReference; fileEncoding = 4; lastKnownFileType = sourcecode.c.objc; path = "UIView+LZExtension.m"; sourceTree = "<group>"; };
/* End PBXFileReference section */

/* Begin PBXFrameworksBuildPhase section */
		18042D8B1C92B88700BD3AFE /* Frameworks */ = {
			isa = PBXFrameworksBuildPhase;
			buildActionMask = 2147483647;
			files = (
			);
			runOnlyForDeploymentPostprocessing = 0;
		};
/* End PBXFrameworksBuildPhase section */

/* Begin PBXGroup section */
		18042D851C92B88700BD3AFE = {
			isa = PBXGroup;
			children = (
				18042D901C92B88700BD3AFE /* chatQQ */,
				18042D8F1C92B88700BD3AFE /* Products */,
			);
			sourceTree = "<group>";
		};
		18042D8F1C92B88700BD3AFE /* Products */ = {
			isa = PBXGroup;
			children = (
				18042D8E1C92B88700BD3AFE /* chatQQ.app */,
			);
			name = Products;
			sourceTree = "<group>";
		};
		18042D901C92B88700BD3AFE /* chatQQ */ = {
			isa = PBXGroup;
			children = (
				18190BD41C9E5017003F6CD3 /* Classes */,
				18042D911C92B88700BD3AFE /* Supporting Files */,
			);
			path = chatQQ;
			sourceTree = "<group>";
		};
		18042D911C92B88700BD3AFE /* Supporting Files */ = {
			isa = PBXGroup;
			children = (
				18042D9D1C92B88700BD3AFE /* Assets.xcassets */,
				18042DA21C92B88700BD3AFE /* Info.plist */,
			);
			name = "Supporting Files";
			sourceTree = "<group>";
		};
		18190BD41C9E5017003F6CD3 /* Classes */ = {
			isa = PBXGroup;
			children = (
				18190BD51C9E5017003F6CD3 /* ConnectionPerson(联系人) */,
				18190BD91C9E5017003F6CD3 /* Dynamic(动态) */,
				18190BDD1C9E5017003F6CD3 /* Main */,
				18190BE11C9E5017003F6CD3 /* Message(消息) */,
				18190BE51C9E5017003F6CD3 /* NewFeature(新特性) */,
				18190BE91C9E5017003F6CD3 /* Others */,
			);
			path = Classes;
			sourceTree = "<group>";
		};
		18190BD51C9E5017003F6CD3 /* ConnectionPerson(联系人) */ = {
			isa = PBXGroup;
			children = (
				18190BD61C9E5017003F6CD3 /* Controller */,
				18190BD71C9E5017003F6CD3 /* Model */,
				18190BD81C9E5017003F6CD3 /* View */,
			);
			path = "ConnectionPerson(联系人)";
			sourceTree = "<group>";
		};
		18190BD61C9E5017003F6CD3 /* Controller */ = {
			isa = PBXGroup;
			children = (
			);
			path = Controller;
			sourceTree = "<group>";
		};
		18190BD71C9E5017003F6CD3 /* Model */ = {
			isa = PBXGroup;
			children = (
			);
			path = Model;
			sourceTree = "<group>";
		};
		18190BD81C9E5017003F6CD3 /* View */ = {
			isa = PBXGroup;
			children = (
			);
			path = View;
			sourceTree = "<group>";
		};
		18190BD91C9E5017003F6CD3 /* Dynamic(动态) */ = {
			isa = PBXGroup;
			children = (
				18190BDA1C9E5017003F6CD3 /* Controller */,
				18190BDB1C9E5017003F6CD3 /* Model */,
				18190BDC1C9E5017003F6CD3 /* View */,
			);
			path = "Dynamic(动态)";
			sourceTree = "<group>";
		};
		18190BDA1C9E5017003F6CD3 /* Controller */ = {
			isa = PBXGroup;
			children = (
			);
			path = Controller;
			sourceTree = "<group>";
		};
		18190BDB1C9E5017003F6CD3 /* Model */ = {
			isa = PBXGroup;
			children = (
			);
			path = Model;
			sourceTree = "<group>";
		};
		18190BDC1C9E5017003F6CD3 /* View */ = {
			isa = PBXGroup;
			children = (
			);
			path = View;
			sourceTree = "<group>";
		};
		18190BDD1C9E5017003F6CD3 /* Main */ = {
			isa = PBXGroup;
			children = (
				18190BDE1C9E5017003F6CD3 /* Controller */,
				18190BDF1C9E5017003F6CD3 /* Model */,
				18190BE01C9E5017003F6CD3 /* View */,
			);
			path = Main;
			sourceTree = "<group>";
		};
		18190BDE1C9E5017003F6CD3 /* Controller */ = {
			isa = PBXGroup;
			children = (
			);
			path = Controller;
			sourceTree = "<group>";
		};
		18190BDF1C9E5017003F6CD3 /* Model */ = {
			isa = PBXGroup;
			children = (
			);
			path = Model;
			sourceTree = "<group>";
		};
		18190BE01C9E5017003F6CD3 /* View */ = {
			isa = PBXGroup;
			children = (
			);
			path = View;
			sourceTree = "<group>";
		};
		18190BE11C9E5017003F6CD3 /* Message(消息) */ = {
			isa = PBXGroup;
			children = (
				18190BE21C9E5017003F6CD3 /* Controller */,
				18190BE31C9E5017003F6CD3 /* Model */,
				18190BE41C9E5017003F6CD3 /* View */,
			);
			path = "Message(消息)";
			sourceTree = "<group>";
		};
		18190BE21C9E5017003F6CD3 /* Controller */ = {
			isa = PBXGroup;
			children = (
			);
			path = Controller;
			sourceTree = "<group>";
		};
		18190BE31C9E5017003F6CD3 /* Model */ = {
			isa = PBXGroup;
			children = (
			);
			path = Model;
			sourceTree = "<group>";
		};
		18190BE41C9E5017003F6CD3 /* View */ = {
			isa = PBXGroup;
			children = (
			);
			path = View;
			sourceTree = "<group>";
		};
		18190BE51C9E5017003F6CD3 /* NewFeature(新特性) */ = {
			isa = PBXGroup;
			children = (
				18190BE61C9E5017003F6CD3 /* Controller */,
				18190BE71C9E5017003F6CD3 /* Model */,
				18190BE81C9E5017003F6CD3 /* View */,
			);
			path = "NewFeature(新特性)";
			sourceTree = "<group>";
		};
		18190BE61C9E5017003F6CD3 /* Controller */ = {
			isa = PBXGroup;
			children = (
			);
			path = Controller;
			sourceTree = "<group>";
		};
		18190BE71C9E5017003F6CD3 /* Model */ = {
			isa = PBXGroup;
			children = (
			);
			path = Model;
			sourceTree = "<group>";
		};
		18190BE81C9E5017003F6CD3 /* View */ = {
			isa = PBXGroup;
			children = (
			);
			path = View;
			sourceTree = "<group>";
		};
		18190BE91C9E5017003F6CD3 /* Others */ = {
			isa = PBXGroup;
			children = (
				18190BEA1C9E5017003F6CD3 /* AppDelegate.h */,
				18190BEB1C9E5017003F6CD3 /* AppDelegate.m */,
				18190BEC1C9E5017003F6CD3 /* Category */,
				18190BED1C9E5017003F6CD3 /* Lib */,
				18190BEE1C9E5017003F6CD3 /* main.m */,
			);
			path = Others;
			sourceTree = "<group>";
		};
		18190BEC1C9E5017003F6CD3 /* Category */ = {
			isa = PBXGroup;
			children = (
				18190BF11C9E502F003F6CD3 /* UIBarButtonItem+LZExtension.h */,
				18190BF21C9E502F003F6CD3 /* UIBarButtonItem+LZExtension.m */,
				18190BF31C9E502F003F6CD3 /* UIImage+image.h */,
				18190BF41C9E502F003F6CD3 /* UIImage+image.m */,
				18190BF51C9E502F003F6CD3 /* UIView+LZExtension.h */,
				18190BF61C9E502F003F6CD3 /* UIView+LZExtension.m */,
			);
			path = Category;
			sourceTree = "<group>";
		};
		18190BED1C9E5017003F6CD3 /* Lib */ = {
			isa = PBXGroup;
			children = (
			);
			path = Lib;
			sourceTree = "<group>";
		};
/* End PBXGroup section */

/* Begin PBXNativeTarget section */
		18042D8D1C92B88700BD3AFE /* chatQQ */ = {
			isa = PBXNativeTarget;
			buildConfigurationList = 18042DA51C92B88700BD3AFE /* Build configuration list for PBXNativeTarget "chatQQ" */;
			buildPhases = (
				18042D8A1C92B88700BD3AFE /* Sources */,
				18042D8B1C92B88700BD3AFE /* Frameworks */,
				18042D8C1C92B88700BD3AFE /* Resources */,
			);
			buildRules = (
			);
			dependencies = (
			);
			name = chatQQ;
			productName = chatQQ;
			productReference = 18042D8E1C92B88700BD3AFE /* chatQQ.app */;
			productType = "com.apple.product-type.application";
		};
/* End PBXNativeTarget section */

/* Begin PBXProject section */
		18042D861C92B88700BD3AFE /* Project object */ = {
			isa = PBXProject;
			attributes = {
				CLASSPREFIX = LZ;
				LastUpgradeCheck = 0720;
				ORGANIZATIONNAME = m14a.cn;
				TargetAttributes = {
					18042D8D1C92B88700BD3AFE = {
						CreatedOnToolsVersion = 7.2;
						DevelopmentTeam = 5J4983VAR8;
					};
				};
			};
			buildConfigurationList = 18042D891C92B88700BD3AFE /* Build configuration list for PBXProject "chatQQ" */;
			compatibilityVersion = "Xcode 3.2";
			developmentRegion = English;
			hasScannedForEncodings = 0;
			knownRegions = (
				en,
				Base,
			);
			mainGroup = 18042D851C92B88700BD3AFE;
			productRefGroup = 18042D8F1C92B88700BD3AFE /* Products */;
			projectDirPath = "";
			projectRoot = "";
			targets = (
				18042D8D1C92B88700BD3AFE /* chatQQ */,
			);
		};
/* End PBXProject section */

/* Begin PBXResourcesBuildPhase section */
		18042D8C1C92B88700BD3AFE /* Resources */ = {
			isa = PBXResourcesBuildPhase;
			buildActionMask = 2147483647;
			files = (
				18042D9E1C92B88700BD3AFE /* Assets.xcassets in Resources */,
			);
			runOnlyForDeploymentPostprocessing = 0;
		};
/* End PBXResourcesBuildPhase section */

/* Begin PBXSourcesBuildPhase section */
		18042D8A1C92B88700BD3AFE /* Sources */ = {
			isa = PBXSourcesBuildPhase;
			buildActionMask = 2147483647;
			files = (
				18190BF91C9E502F003F6CD3 /* UIView+LZExtension.m in Sources */,
				18190BF71C9E502F003F6CD3 /* UIBarButtonItem+LZExtension.m in Sources */,
				18190BF81C9E502F003F6CD3 /* UIImage+image.m in Sources */,
				18190BF01C9E5017003F6CD3 /* main.m in Sources */,
				18190BEF1C9E5017003F6CD3 /* AppDelegate.m in Sources */,
			);
			runOnlyForDeploymentPostprocessing = 0;
		};
/* End PBXSourcesBuildPhase section */

/* Begin XCBuildConfiguration section */
		18042DA31C92B88700BD3AFE /* Debug */ = {
			isa = XCBuildConfiguration;
			buildSettings = {
				ALWAYS_SEARCH_USER_PATHS = NO;
				CLANG_CXX_LANGUAGE_STANDARD = "gnu++0x";
				CLANG_CXX_LIBRARY = "libc++";
				CLANG_ENABLE_MODULES = YES;
				CLANG_ENABLE_OBJC_ARC = YES;
				CLANG_WARN_BOOL_CONVERSION = YES;
				CLANG_WARN_CONSTANT_CONVERSION = YES;
				CLANG_WARN_DIRECT_OBJC_ISA_USAGE = YES_ERROR;
				CLANG_WARN_EMPTY_BODY = YES;
				CLANG_WARN_ENUM_CONVERSION = YES;
				CLANG_WARN_INT_CONVERSION = YES;
				CLANG_WARN_OBJC_ROOT_CLASS = YES_ERROR;
				CLANG_WARN_UNREACHABLE_CODE = YES;
				CLANG_WARN__DUPLICATE_METHOD_MATCH = YES;
				"CODE_SIGN_IDENTITY[sdk=iphoneos*]" = "iPhone Developer";
				COPY_PHASE_STRIP = NO;
				DEBUG_INFORMATION_FORMAT = dwarf;
				ENABLE_STRICT_OBJC_MSGSEND = YES;
				ENABLE_TESTABILITY = YES;
				GCC_C_LANGUAGE_STANDARD = gnu99;
				GCC_DYNAMIC_NO_PIC = NO;
				GCC_NO_COMMON_BLOCKS = YES;
				GCC_OPTIMIZATION_LEVEL = 0;
				GCC_PREPROCESSOR_DEFINITIONS = (
					"DEBUG=1",
					"$(inherited)",
				);
				GCC_WARN_64_TO_32_BIT_CONVERSION = YES;
				GCC_WARN_ABOUT_RETURN_TYPE = YES_ERROR;
				GCC_WARN_UNDECLARED_SELECTOR = YES;
				GCC_WARN_UNINITIALIZED_AUTOS = YES_AGGRESSIVE;
				GCC_WARN_UNUSED_FUNCTION = YES;
				GCC_WARN_UNUSED_VARIABLE = YES;
				IPHONEOS_DEPLOYMENT_TARGET = 9.2;
				MTL_ENABLE_DEBUG_INFO = YES;
				ONLY_ACTIVE_ARCH = YES;
				SDKROOT = iphoneos;
			};
			name = Debug;
		};
		18042DA41C92B88700BD3AFE /* Release */ = {
			isa = XCBuildConfiguration;
			buildSettings = {
				ALWAYS_SEARCH_USER_PATHS = NO;
				CLANG_CXX_LANGUAGE_STANDARD = "gnu++0x";
				CLANG_CXX_LIBRARY = "libc++";
				CLANG_ENABLE_MODULES = YES;
				CLANG_ENABLE_OBJC_ARC = YES;
				CLANG_WARN_BOOL_CONVERSION = YES;
				CLANG_WARN_CONSTANT_CONVERSION = YES;
				CLANG_WARN_DIRECT_OBJC_ISA_USAGE = YES_ERROR;
				CLANG_WARN_EMPTY_BODY = YES;
				CLANG_WARN_ENUM_CONVERSION = YES;
				CLANG_WARN_INT_CONVERSION = YES;
				CLANG_WARN_OBJC_ROOT_CLASS = YES_ERROR;
				CLANG_WARN_UNREACHABLE_CODE = YES;
				CLANG_WARN__DUPLICATE_METHOD_MATCH = YES;
				"CODE_SIGN_IDENTITY[sdk=iphoneos*]" = "iPhone Developer";
				COPY_PHASE_STRIP = NO;
				DEBUG_INFORMATION_FORMAT = "dwarf-with-dsym";
				ENABLE_NS_ASSERTIONS = NO;
				ENABLE_STRICT_OBJC_MSGSEND = YES;
				GCC_C_LANGUAGE_STANDARD = gnu99;
				GCC_NO_COMMON_BLOCKS = YES;
				GCC_WARN_64_TO_32_BIT_CONVERSION = YES;
				GCC_WARN_ABOUT_RETURN_TYPE = YES_ERROR;
				GCC_WARN_UNDECLARED_SELECTOR = YES;
				GCC_WARN_UNINITIALIZED_AUTOS = YES_AGGRESSIVE;
				GCC_WARN_UNUSED_FUNCTION = YES;
				GCC_WARN_UNUSED_VARIABLE = YES;
				IPHONEOS_DEPLOYMENT_TARGET = 9.2;
				MTL_ENABLE_DEBUG_INFO = NO;
				SDKROOT = iphoneos;
				VALIDATE_PRODUCT = YES;
			};
			name = Release;
		};
		18042DA61C92B88700BD3AFE /* Debug */ = {
			isa = XCBuildConfiguration;
			buildSettings = {
				ASSETCATALOG_COMPILER_APPICON_NAME = AppIcon;
				ASSETCATALOG_COMPILER_LAUNCHIMAGE_NAME = "Brand Assets";
				INFOPLIST_FILE = chatQQ/Info.plist;
				LD_RUNPATH_SEARCH_PATHS = "$(inherited) @executable_path/Frameworks";
				PRODUCT_BUNDLE_IDENTIFIER = m14a.cn.chatQQ;
				PRODUCT_NAME = "$(TARGET_NAME)";
			};
			name = Debug;
		};
		18042DA71C92B88700BD3AFE /* Release */ = {
			isa = XCBuildConfiguration;
			buildSettings = {
				ASSETCATALOG_COMPILER_APPICON_NAME = AppIcon;
				ASSETCATALOG_COMPILER_LAUNCHIMAGE_NAME = "Brand Assets";
				INFOPLIST_FILE = chatQQ/Info.plist;
				LD_RUNPATH_SEARCH_PATHS = "$(inherited) @executable_path/Frameworks";
				PRODUCT_BUNDLE_IDENTIFIER = m14a.cn.chatQQ;
				PRODUCT_NAME = "$(TARGET_NAME)";
			};
			name = Release;
		};
/* End XCBuildConfiguration section */

/* Begin XCConfigurationList section */
		18042D891C92B88700BD3AFE /* Build configuration list for PBXProject "chatQQ" */ = {
			isa = XCConfigurationList;
			buildConfigurations = (
				18042DA31C92B88700BD3AFE /* Debug */,
				18042DA41C92B88700BD3AFE /* Release */,
			);
			defaultConfigurationIsVisible = 0;
			defaultConfigurationName = Release;
		};
		18042DA51C92B88700BD3AFE /* Build configuration list for PBXNativeTarget "chatQQ" */ = {
			isa = XCConfigurationList;
			buildConfigurations = (
				18042DA61C92B88700BD3AFE /* Debug */,
				18042DA71C92B88700BD3AFE /* Release */,
			);
			defaultConfigurationIsVisible = 0;
			defaultConfigurationName = Release;
		};
/* End XCConfigurationList section */
	};
	rootObject = 18042D861C92B88700BD3AFE /* Project object */;
}
